// !$*UTF8*$!
{
	archiveVersion = 1;
	classes = {
	};
	objectVersion = 50;
	objects = {

/* Begin PBXBuildFile section */
		3924191F2609D7A9002F7CD0 /* VC_SideMenu.swift in Sources */ = {isa = PBXBuildFile; fileRef = 3924191E2609D7A9002F7CD0 /* VC_SideMenu.swift */; };
		394FAF49260851D9001141D9 /* VC_Template.swift in Sources */ = {isa = PBXBuildFile; fileRef = 394FAF48260851D9001141D9 /* VC_Template.swift */; };
		394FAF4B26085243001141D9 /* VC_Navigator.swift in Sources */ = {isa = PBXBuildFile; fileRef = 394FAF4A26085243001141D9 /* VC_Navigator.swift */; };
		397BA13B2604904E0008FF7E /* libNiSFoundation.a in Frameworks */ = {isa = PBXBuildFile; fileRef = 397BA1392604904E0008FF7E /* libNiSFoundation.a */; };
		397BA13C2604904E0008FF7E /* NiSFrameWork.framework in Frameworks */ = {isa = PBXBuildFile; fileRef = 397BA13A2604904E0008FF7E /* NiSFrameWork.framework */; };
		397BA13D2604904E0008FF7E /* NiSFrameWork.framework in Embed Frameworks */ = {isa = PBXBuildFile; fileRef = 397BA13A2604904E0008FF7E /* NiSFrameWork.framework */; settings = {ATTRIBUTES = (CodeSignOnCopy, RemoveHeadersOnCopy, ); }; };
		397D6BE826048CFA009BBF78 /* AppDelegate.swift in Sources */ = {isa = PBXBuildFile; fileRef = 397D6BE726048CFA009BBF78 /* AppDelegate.swift */; };
		397D6BEA26048CFA009BBF78 /* SceneDelegate.swift in Sources */ = {isa = PBXBuildFile; fileRef = 397D6BE926048CFA009BBF78 /* SceneDelegate.swift */; };
		397D6BEC26048CFA009BBF78 /* VC_UIAnim.swift in Sources */ = {isa = PBXBuildFile; fileRef = 397D6BEB26048CFA009BBF78 /* VC_UIAnim.swift */; };
		397D6BEF26048CFA009BBF78 /* Main.storyboard in Resources */ = {isa = PBXBuildFile; fileRef = 397D6BED26048CFA009BBF78 /* Main.storyboard */; };
		397D6BF426048CFB009BBF78 /* LaunchScreen.storyboard in Resources */ = {isa = PBXBuildFile; fileRef = 397D6BF226048CFB009BBF78 /* LaunchScreen.storyboard */; };
		39A7ECAC260879AA007A9ED8 /* NavigatedView.swift in Sources */ = {isa = PBXBuildFile; fileRef = 39A7ECAB260879AA007A9ED8 /* NavigatedView.swift */; };
		39B1408B2609CC1D0059A87A /* Assets.xcassets in Resources */ = {isa = PBXBuildFile; fileRef = 397D6BF026048CFB009BBF78 /* Assets.xcassets */; };
/* End PBXBuildFile section */

/* Begin PBXCopyFilesBuildPhase section */
		397BA13E2604904E0008FF7E /* Embed Frameworks */ = {
			isa = PBXCopyFilesBuildPhase;
			buildActionMask = 2147483647;
			dstPath = "";
			dstSubfolderSpec = 10;
			files = (
				397BA13D2604904E0008FF7E /* NiSFrameWork.framework in Embed Frameworks */,
			);
			name = "Embed Frameworks";
			runOnlyForDeploymentPostprocessing = 0;
		};
/* End PBXCopyFilesBuildPhase section */

/* Begin PBXFileReference section */
		3924191E2609D7A9002F7CD0 /* VC_SideMenu.swift */ = {isa = PBXFileReference; lastKnownFileType = sourcecode.swift; path = VC_SideMenu.swift; sourceTree = "<group>"; };
		394FAF48260851D9001141D9 /* VC_Template.swift */ = {isa = PBXFileReference; lastKnownFileType = sourcecode.swift; path = VC_Template.swift; sourceTree = "<group>"; };
		394FAF4A26085243001141D9 /* VC_Navigator.swift */ = {isa = PBXFileReference; lastKnownFileType = sourcecode.swift; path = VC_Navigator.swift; sourceTree = "<group>"; };
		3960C3962609CAEC00A05F52 /* SideMenu.framework */ = {isa = PBXFileReference; explicitFileType = wrapper.framework; path = SideMenu.framework; sourceTree = BUILT_PRODUCTS_DIR; };
		397BA1392604904E0008FF7E /* libNiSFoundation.a */ = {isa = PBXFileReference; explicitFileType = archive.ar; path = libNiSFoundation.a; sourceTree = BUILT_PRODUCTS_DIR; };
		397BA13A2604904E0008FF7E /* NiSFrameWork.framework */ = {isa = PBXFileReference; explicitFileType = wrapper.framework; path = NiSFrameWork.framework; sourceTree = BUILT_PRODUCTS_DIR; };
		397D6BE426048CFA009BBF78 /* frameworkSamples.app */ = {isa = PBXFileReference; explicitFileType = wrapper.application; includeInIndex = 0; path = frameworkSamples.app; sourceTree = BUILT_PRODUCTS_DIR; };
		397D6BE726048CFA009BBF78 /* AppDelegate.swift */ = {isa = PBXFileReference; lastKnownFileType = sourcecode.swift; path = AppDelegate.swift; sourceTree = "<group>"; };
		397D6BE926048CFA009BBF78 /* SceneDelegate.swift */ = {isa = PBXFileReference; lastKnownFileType = sourcecode.swift; path = SceneDelegate.swift; sourceTree = "<group>"; };
		397D6BEB26048CFA009BBF78 /* VC_UIAnim.swift */ = {isa = PBXFileReference; lastKnownFileType = sourcecode.swift; path = VC_UIAnim.swift; sourceTree = "<group>"; };
		397D6BEE26048CFA009BBF78 /* Base */ = {isa = PBXFileReference; lastKnownFileType = file.storyboard; name = Base; path = Base.lproj/Main.storyboard; sourceTree = "<group>"; };
		397D6BF026048CFB009BBF78 /* Assets.xcassets */ = {isa = PBXFileReference; lastKnownFileType = folder.assetcatalog; path = Assets.xcassets; sourceTree = "<group>"; };
		397D6BF326048CFB009BBF78 /* Base */ = {isa = PBXFileReference; lastKnownFileType = file.storyboard; name = Base; path = Base.lproj/LaunchScreen.storyboard; sourceTree = "<group>"; };
		397D6BF526048CFB009BBF78 /* Info.plist */ = {isa = PBXFileReference; lastKnownFileType = text.plist.xml; path = Info.plist; sourceTree = "<group>"; };
		39A7ECAB260879AA007A9ED8 /* NavigatedView.swift */ = {isa = PBXFileReference; lastKnownFileType = sourcecode.swift; path = NavigatedView.swift; sourceTree = "<group>"; };
		8905A34F36FE35931364D667 /* Pods_frameworkSamples.framework */ = {isa = PBXFileReference; explicitFileType = wrapper.framework; includeInIndex = 0; path = Pods_frameworkSamples.framework; sourceTree = BUILT_PRODUCTS_DIR; };
/* End PBXFileReference section */

/* Begin PBXFrameworksBuildPhase section */
		397D6BE126048CFA009BBF78 /* Frameworks */ = {
			isa = PBXFrameworksBuildPhase;
			buildActionMask = 2147483647;
			files = (
				397BA13C2604904E0008FF7E /* NiSFrameWork.framework in Frameworks */,
				397BA13B2604904E0008FF7E /* libNiSFoundation.a in Frameworks */,
			);
			runOnlyForDeploymentPostprocessing = 0;
		};
/* End PBXFrameworksBuildPhase section */

/* Begin PBXGroup section */
		394FAF4C26085936001141D9 /* AppBase */ = {
			isa = PBXGroup;
			children = (
				397D6BE726048CFA009BBF78 /* AppDelegate.swift */,
				397D6BE926048CFA009BBF78 /* SceneDelegate.swift */,
				397D6BF026048CFB009BBF78 /* Assets.xcassets */,
				397D6BF226048CFB009BBF78 /* LaunchScreen.storyboard */,
			);
			path = AppBase;
			sourceTree = "<group>";
		};
		397BA1382604904E0008FF7E /* Frameworks */ = {
			isa = PBXGroup;
			children = (
				3960C3962609CAEC00A05F52 /* SideMenu.framework */,
				397BA1392604904E0008FF7E /* libNiSFoundation.a */,
				397BA13A2604904E0008FF7E /* NiSFrameWork.framework */,
				8905A34F36FE35931364D667 /* Pods_frameworkSamples.framework */,
			);
			name = Frameworks;
			sourceTree = "<group>";
		};
		397D6BDB26048CFA009BBF78 = {
			isa = PBXGroup;
			children = (
				397D6BE626048CFA009BBF78 /* frameworkSamples */,
				397D6BE526048CFA009BBF78 /* Products */,
				397BA1382604904E0008FF7E /* Frameworks */,
			);
			sourceTree = "<group>";
		};
		397D6BE526048CFA009BBF78 /* Products */ = {
			isa = PBXGroup;
			children = (
				397D6BE426048CFA009BBF78 /* frameworkSamples.app */,
			);
			name = Products;
			sourceTree = "<group>";
		};
		397D6BE626048CFA009BBF78 /* frameworkSamples */ = {
			isa = PBXGroup;
			children = (
				39A7ECAA2608797F007A9ED8 /* Views */,
				394FAF4C26085936001141D9 /* AppBase */,
				397D6BFC26048D52009BBF78 /* ViewControllers */,
				397D6BED26048CFA009BBF78 /* Main.storyboard */,
				397D6BF526048CFB009BBF78 /* Info.plist */,
			);
			path = frameworkSamples;
			sourceTree = "<group>";
		};
		397D6BFC26048D52009BBF78 /* ViewControllers */ = {
			isa = PBXGroup;
			children = (
				397D6BEB26048CFA009BBF78 /* VC_UIAnim.swift */,
				394FAF48260851D9001141D9 /* VC_Template.swift */,
				394FAF4A26085243001141D9 /* VC_Navigator.swift */,
				3924191E2609D7A9002F7CD0 /* VC_SideMenu.swift */,
			);
			path = ViewControllers;
			sourceTree = "<group>";
		};
		39A7ECAA2608797F007A9ED8 /* Views */ = {
			isa = PBXGroup;
			children = (
				39A7ECAB260879AA007A9ED8 /* NavigatedView.swift */,
			);
			path = Views;
			sourceTree = "<group>";
		};
/* End PBXGroup section */

/* Begin PBXNativeTarget section */
		397D6BE326048CFA009BBF78 /* frameworkSamples */ = {
			isa = PBXNativeTarget;
			buildConfigurationList = 397D6BF826048CFB009BBF78 /* Build configuration list for PBXNativeTarget "frameworkSamples" */;
			buildPhases = (
				397D6BE026048CFA009BBF78 /* Sources */,
				397D6BE126048CFA009BBF78 /* Frameworks */,
				397D6BE226048CFA009BBF78 /* Resources */,
				397BA13E2604904E0008FF7E /* Embed Frameworks */,
			);
			buildRules = (
			);
			dependencies = (
			);
			name = frameworkSamples;
			productName = frameworkSamples;
			productReference = 397D6BE426048CFA009BBF78 /* frameworkSamples.app */;
			productType = "com.apple.product-type.application";
		};
/* End PBXNativeTarget section */

/* Begin PBXProject section */
		397D6BDC26048CFA009BBF78 /* Project object */ = {
			isa = PBXProject;
			attributes = {
				LastSwiftUpdateCheck = 1240;
				LastUpgradeCheck = 1240;
				TargetAttributes = {
					397D6BE326048CFA009BBF78 = {
						CreatedOnToolsVersion = 12.4;
					};
				};
			};
			buildConfigurationList = 397D6BDF26048CFA009BBF78 /* Build configuration list for PBXProject "frameworkSamples" */;
			compatibilityVersion = "Xcode 9.3";
			developmentRegion = en;
			hasScannedForEncodings = 0;
			knownRegions = (
				en,
				Base,
			);
			mainGroup = 397D6BDB26048CFA009BBF78;
			productRefGroup = 397D6BE526048CFA009BBF78 /* Products */;
			projectDirPath = "";
			projectRoot = "";
			targets = (
				397D6BE326048CFA009BBF78 /* frameworkSamples */,
			);
		};
/* End PBXProject section */

/* Begin PBXResourcesBuildPhase section */
		397D6BE226048CFA009BBF78 /* Resources */ = {
			isa = PBXResourcesBuildPhase;
			buildActionMask = 2147483647;
			files = (
				39B1408B2609CC1D0059A87A /* Assets.xcassets in Resources */,
				397D6BF426048CFB009BBF78 /* LaunchScreen.storyboard in Resources */,
				397D6BEF26048CFA009BBF78 /* Main.storyboard in Resources */,
			);
			runOnlyForDeploymentPostprocessing = 0;
		};
/* End PBXResourcesBuildPhase section */

/* Begin PBXSourcesBuildPhase section */
		397D6BE026048CFA009BBF78 /* Sources */ = {
			isa = PBXSourcesBuildPhase;
			buildActionMask = 2147483647;
			files = (
				39A7ECAC260879AA007A9ED8 /* NavigatedView.swift in Sources */,
				394FAF4B26085243001141D9 /* VC_Navigator.swift in Sources */,
				394FAF49260851D9001141D9 /* VC_Template.swift in Sources */,
				397D6BEC26048CFA009BBF78 /* VC_UIAnim.swift in Sources */,
				397D6BE826048CFA009BBF78 /* AppDelegate.swift in Sources */,
				3924191F2609D7A9002F7CD0 /* VC_SideMenu.swift in Sources */,
				397D6BEA26048CFA009BBF78 /* SceneDelegate.swift in Sources */,
			);
			runOnlyForDeploymentPostprocessing = 0;
		};
/* End PBXSourcesBuildPhase section */

/* Begin PBXVariantGroup section */
		397D6BED26048CFA009BBF78 /* Main.storyboard */ = {
			isa = PBXVariantGroup;
			children = (
				397D6BEE26048CFA009BBF78 /* Base */,
			);
			name = Main.storyboard;
			sourceTree = "<group>";
		};
		397D6BF226048CFB009BBF78 /* LaunchScreen.storyboard */ = {
			isa = PBXVariantGroup;
			children = (
				397D6BF326048CFB009BBF78 /* Base */,
			);
			name = LaunchScreen.storyboard;
			sourceTree = "<group>";
		};
/* End PBXVariantGroup section */

/* Begin XCBuildConfiguration section */
		397D6BF626048CFB009BBF78 /* Debug */ = {
			isa = XCBuildConfiguration;
			buildSettings = {
				ALWAYS_SEARCH_USER_PATHS = NO;
				CLANG_ANALYZER_NONNULL = YES;
				CLANG_ANALYZER_NUMBER_OBJECT_CONVERSION = YES_AGGRESSIVE;
				CLANG_CXX_LANGUAGE_STANDARD = "gnu++14";
				CLANG_CXX_LIBRARY = "libc++";
				CLANG_ENABLE_MODULES = YES;
				CLANG_ENABLE_OBJC_ARC = YES;
				CLANG_ENABLE_OBJC_WEAK = YES;
				CLANG_WARN_BLOCK_CAPTURE_AUTORELEASING = YES;
				CLANG_WARN_BOOL_CONVERSION = YES;
				CLANG_WARN_COMMA = YES;
				CLANG_WARN_CONSTANT_CONVERSION = YES;
				CLANG_WARN_DEPRECATED_OBJC_IMPLEMENTATIONS = YES;
				CLANG_WARN_DIRECT_OBJC_ISA_USAGE = YES_ERROR;
				CLANG_WARN_DOCUMENTATION_COMMENTS = YES;
				CLANG_WARN_EMPTY_BODY = YES;
				CLANG_WARN_ENUM_CONVERSION = YES;
				CLANG_WARN_INFINITE_RECURSION = YES;
				CLANG_WARN_INT_CONVERSION = YES;
				CLANG_WARN_NON_LITERAL_NULL_CONVERSION = YES;
				CLANG_WARN_OBJC_IMPLICIT_RETAIN_SELF = YES;
				CLANG_WARN_OBJC_LITERAL_CONVERSION = YES;
				CLANG_WARN_OBJC_ROOT_CLASS = YES_ERROR;
				CLANG_WARN_QUOTED_INCLUDE_IN_FRAMEWORK_HEADER = YES;
				CLANG_WARN_RANGE_LOOP_ANALYSIS = YES;
				CLANG_WARN_STRICT_PROTOTYPES = YES;
				CLANG_WARN_SUSPICIOUS_MOVE = YES;
				CLANG_WARN_UNGUARDED_AVAILABILITY = YES_AGGRESSIVE;
				CLANG_WARN_UNREACHABLE_CODE = YES;
				CLANG_WARN__DUPLICATE_METHOD_MATCH = YES;
				COPY_PHASE_STRIP = NO;
				DEBUG_INFORMATION_FORMAT = dwarf;
				ENABLE_STRICT_OBJC_MSGSEND = YES;
				ENABLE_TESTABILITY = YES;
				GCC_C_LANGUAGE_STANDARD = gnu11;
				GCC_DYNAMIC_NO_PIC = NO;
				GCC_NO_COMMON_BLOCKS = YES;
				GCC_OPTIMIZATION_LEVEL = 0;
				GCC_PREPROCESSOR_DEFINITIONS = (
					"DEBUG=1",
					"$(inherited)",
				);
				GCC_WARN_64_TO_32_BIT_CONVERSION = YES;
				GCC_WARN_ABOUT_RETURN_TYPE = YES_ERROR;
				GCC_WARN_UNDECLARED_SELECTOR = YES;
				GCC_WARN_UNINITIALIZED_AUTOS = YES_AGGRESSIVE;
				GCC_WARN_UNUSED_FUNCTION = YES;
				GCC_WARN_UNUSED_VARIABLE = YES;
				IPHONEOS_DEPLOYMENT_TARGET = 14.4;
				MTL_ENABLE_DEBUG_INFO = INCLUDE_SOURCE;
				MTL_FAST_MATH = YES;
				ONLY_ACTIVE_ARCH = YES;
				SDKROOT = iphoneos;
				SWIFT_ACTIVE_COMPILATION_CONDITIONS = DEBUG;
				SWIFT_OPTIMIZATION_LEVEL = "-Onone";
			};
			name = Debug;
		};
		397D6BF726048CFB009BBF78 /* Release */ = {
			isa = XCBuildConfiguration;
			buildSettings = {
				ALWAYS_SEARCH_USER_PATHS = NO;
				CLANG_ANALYZER_NONNULL = YES;
				CLANG_ANALYZER_NUMBER_OBJECT_CONVERSION = YES_AGGRESSIVE;
				CLANG_CXX_LANGUAGE_STANDARD = "gnu++14";
				CLANG_CXX_LIBRARY = "libc++";
				CLANG_ENABLE_MODULES = YES;
				CLANG_ENABLE_OBJC_ARC = YES;
				CLANG_ENABLE_OBJC_WEAK = YES;
				CLANG_WARN_BLOCK_CAPTURE_AUTORELEASING = YES;
				CLANG_WARN_BOOL_CONVERSION = YES;
				CLANG_WARN_COMMA = YES;
				CLANG_WARN_CONSTANT_CONVERSION = YES;
				CLANG_WARN_DEPRECATED_OBJC_IMPLEMENTATIONS = YES;
				CLANG_WARN_DIRECT_OBJC_ISA_USAGE = YES_ERROR;
				CLANG_WARN_DOCUMENTATION_COMMENTS = YES;
				CLANG_WARN_EMPTY_BODY = YES;
				CLANG_WARN_ENUM_CONVERSION = YES;
				CLANG_WARN_INFINITE_RECURSION = YES;
				CLANG_WARN_INT_CONVERSION = YES;
				CLANG_WARN_NON_LITERAL_NULL_CONVERSION = YES;
				CLANG_WARN_OBJC_IMPLICIT_RETAIN_SELF = YES;
				CLANG_WARN_OBJC_LITERAL_CONVERSION = YES;
				CLANG_WARN_OBJC_ROOT_CLASS = YES_ERROR;
				CLANG_WARN_QUOTED_INCLUDE_IN_FRAMEWORK_HEADER = YES;
				CLANG_WARN_RANGE_LOOP_ANALYSIS = YES;
				CLANG_WARN_STRICT_PROTOTYPES = YES;
				CLANG_WARN_SUSPICIOUS_MOVE = YES;
				CLANG_WARN_UNGUARDED_AVAILABILITY = YES_AGGRESSIVE;
				CLANG_WARN_UNREACHABLE_CODE = YES;
				CLANG_WARN__DUPLICATE_METHOD_MATCH = YES;
				COPY_PHASE_STRIP = NO;
				DEBUG_INFORMATION_FORMAT = "dwarf-with-dsym";
				ENABLE_NS_ASSERTIONS = NO;
				ENABLE_STRICT_OBJC_MSGSEND = YES;
				GCC_C_LANGUAGE_STANDARD = gnu11;
				GCC_NO_COMMON_BLOCKS = YES;
				GCC_WARN_64_TO_32_BIT_CONVERSION = YES;
				GCC_WARN_ABOUT_RETURN_TYPE = YES_ERROR;
				GCC_WARN_UNDECLARED_SELECTOR = YES;
				GCC_WARN_UNINITIALIZED_AUTOS = YES_AGGRESSIVE;
				GCC_WARN_UNUSED_FUNCTION = YES;
				GCC_WARN_UNUSED_VARIABLE = YES;
				IPHONEOS_DEPLOYMENT_TARGET = 14.4;
				MTL_ENABLE_DEBUG_INFO = NO;
				MTL_FAST_MATH = YES;
				SDKROOT = iphoneos;
				SWIFT_COMPILATION_MODE = wholemodule;
				SWIFT_OPTIMIZATION_LEVEL = "-O";
				VALIDATE_PRODUCT = YES;
			};
			name = Release;
		};
		397D6BF926048CFB009BBF78 /* Debug */ = {
			isa = XCBuildConfiguration;
			buildSettings = {
				ASSETCATALOG_COMPILER_APPICON_NAME = AppIcon;
				ASSETCATALOG_COMPILER_GLOBAL_ACCENT_COLOR_NAME = AccentColor;
				CODE_SIGN_STYLE = Automatic;
				DEVELOPMENT_TEAM = A7YCA4UNT9;
				INFOPLIST_FILE = frameworkSamples/Info.plist;
				LD_RUNPATH_SEARCH_PATHS = (
					"$(inherited)",
					"@executable_path/Frameworks",
				);
				PRODUCT_BUNDLE_IDENTIFIER = com.Nine99.Test.frameworkSamples;
				PRODUCT_NAME = "$(TARGET_NAME)";
				SWIFT_VERSION = 5.0;
				TARGETED_DEVICE_FAMILY = "1,2";
			};
			name = Debug;
		};
		397D6BFA26048CFB009BBF78 /* Release */ = {
			isa = XCBuildConfiguration;
			buildSettings = {
				ASSETCATALOG_COMPILER_APPICON_NAME = AppIcon;
				ASSETCATALOG_COMPILER_GLOBAL_ACCENT_COLOR_NAME = AccentColor;
				CODE_SIGN_STYLE = Automatic;
				DEVELOPMENT_TEAM = A7YCA4UNT9;
				INFOPLIST_FILE = frameworkSamples/Info.plist;
				LD_RUNPATH_SEARCH_PATHS = (
					"$(inherited)",
					"@executable_path/Frameworks",
				);
				PRODUCT_BUNDLE_IDENTIFIER = com.Nine99.Test.frameworkSamples;
				PRODUCT_NAME = "$(TARGET_NAME)";
				SWIFT_VERSION = 5.0;
				TARGETED_DEVICE_FAMILY = "1,2";
			};
			name = Release;
		};
/* End XCBuildConfiguration section */

/* Begin XCConfigurationList section */
		397D6BDF26048CFA009BBF78 /* Build configuration list for PBXProject "frameworkSamples" */ = {
			isa = XCConfigurationList;
			buildConfigurations = (
				397D6BF626048CFB009BBF78 /* Debug */,
				397D6BF726048CFB009BBF78 /* Release */,
			);
			defaultConfigurationIsVisible = 0;
			defaultConfigurationName = Release;
		};
		397D6BF826048CFB009BBF78 /* Build configuration list for PBXNativeTarget "frameworkSamples" */ = {
			isa = XCConfigurationList;
			buildConfigurations = (
				397D6BF926048CFB009BBF78 /* Debug */,
				397D6BFA26048CFB009BBF78 /* Release */,
			);
			defaultConfigurationIsVisible = 0;
			defaultConfigurationName = Release;
		};
/* End XCConfigurationList section */
	};
	rootObject = 397D6BDC26048CFA009BBF78 /* Project object */;
}
